
Microsoft Visual Studio Solution File, Format Version 12.00
# Visual Studio Version 17
VisualStudioVersion = 17.6.33723.286
MinimumVisualStudioVersion = 10.0.40219.1
Project("{FAE04EC0-301F-11D3-BF4B-00C04F79EFBC}") = "KURS", "KURS\KURS.csproj", "{40C25534-FC11-4984-BF69-A2B330AADD0C}"
EndProject
Global
	GlobalSection(SolutionConfigurationPlatforms) = preSolution
		Debug|Any CPU = Debug|Any CPU
		Release|Any CPU = Release|Any CPU
	EndGlobalSection
	GlobalSection(ProjectConfigurationPlatforms) = postSolution
		{40C25534-FC11-4984-BF69-A2B330AADD0C}.Debug|Any CPU.ActiveCfg = Debug|Any CPU
		{40C25534-FC11-4984-BF69-A2B330AADD0C}.Debug|Any CPU.Build.0 = Debug|Any CPU
		{40C25534-FC11-4984-BF69-A2B330AADD0C}.Release|Any CPU.ActiveCfg = Release|Any CPU
		{40C25534-FC11-4984-BF69-A2B330AADD0C}.Release|Any CPU.Build.0 = Release|Any CPU
	EndGlobalSection
	GlobalSection(SolutionProperties) = preSolution
		HideSolutionNode = FALSE
	EndGlobalSection
	GlobalSection(ExtensibilityGlobals) = postSolution
		SolutionGuid = {8F06E02D-87E4-4CC1-ABC4-63FE24E48464}
	EndGlobalSection
EndGlobal
